
Microsoft Visual Studio Solution File, Format Version 12.00
# Visual Studio 14
VisualStudioVersion = 14.0.24720.0
MinimumVisualStudioVersion = 10.0.40219.1
Project("{8BC9CEB8-8B4A-11D0-8D11-00A0C91BC942}") = "z1", "z1\z1.vcxproj", "{574F4B73-6517-4A02-A969-569A41F48319}"
EndProject
Project("{8BC9CEB8-8B4A-11D0-8D11-00A0C91BC942}") = "z2", "z2\z2.vcxproj", "{2AF2F065-EDCA-4EEB-BBDD-B77129AD659E}"
EndProject
Project("{8BC9CEB8-8B4A-11D0-8D11-00A0C91BC942}") = "z3", "z3\z3.vcxproj", "{CB3F4DE0-824B-4D26-8E26-6021CDB1B1FF}"
EndProject
Project("{8BC9CEB8-8B4A-11D0-8D11-00A0C91BC942}") = "z4", "z4\z4.vcxproj", "{63D990CE-76D3-4604-A636-9C8EB5FCD609}"
EndProject
Project("{8BC9CEB8-8B4A-11D0-8D11-00A0C91BC942}") = "z5", "z5\z5.vcxproj", "{8E6175DF-AF0B-4E72-9D60-B7F71B5938DC}"
EndProject
Project("{8BC9CEB8-8B4A-11D0-8D11-00A0C91BC942}") = "z6", "z6\z6.vcxproj", "{B109DF96-89C4-44B0-8367-782FEF9B2F5B}"
EndProject
Project("{8BC9CEB8-8B4A-11D0-8D11-00A0C91BC942}") = "z7", "z7\z7.vcxproj", "{13984CB7-0678-4AAC-BB39-ABC9DD848761}"
EndProject
Global
	GlobalSection(SolutionConfigurationPlatforms) = preSolution
		Debug|x64 = Debug|x64
		Debug|x86 = Debug|x86
		Release|x64 = Release|x64
		Release|x86 = Release|x86
	EndGlobalSection
	GlobalSection(ProjectConfigurationPlatforms) = postSolution
		{574F4B73-6517-4A02-A969-569A41F48319}.Debug|x64.ActiveCfg = Debug|x64
		{574F4B73-6517-4A02-A969-569A41F48319}.Debug|x64.Build.0 = Debug|x64
		{574F4B73-6517-4A02-A969-569A41F48319}.Debug|x86.ActiveCfg = Debug|Win32
		{574F4B73-6517-4A02-A969-569A41F48319}.Debug|x86.Build.0 = Debug|Win32
		{574F4B73-6517-4A02-A969-569A41F48319}.Release|x64.ActiveCfg = Release|x64
		{574F4B73-6517-4A02-A969-569A41F48319}.Release|x64.Build.0 = Release|x64
		{574F4B73-6517-4A02-A969-569A41F48319}.Release|x86.ActiveCfg = Release|Win32
		{574F4B73-6517-4A02-A969-569A41F48319}.Release|x86.Build.0 = Release|Win32
		{2AF2F065-EDCA-4EEB-BBDD-B77129AD659E}.Debug|x64.ActiveCfg = Debug|x64
		{2AF2F065-EDCA-4EEB-BBDD-B77129AD659E}.Debug|x64.Build.0 = Debug|x64
		{2AF2F065-EDCA-4EEB-BBDD-B77129AD659E}.Debug|x86.ActiveCfg = Debug|Win32
		{2AF2F065-EDCA-4EEB-BBDD-B77129AD659E}.Debug|x86.Build.0 = Debug|Win32
		{2AF2F065-EDCA-4EEB-BBDD-B77129AD659E}.Release|x64.ActiveCfg = Release|x64
		{2AF2F065-EDCA-4EEB-BBDD-B77129AD659E}.Release|x64.Build.0 = Release|x64
		{2AF2F065-EDCA-4EEB-BBDD-B77129AD659E}.Release|x86.ActiveCfg = Release|Win32
		{2AF2F065-EDCA-4EEB-BBDD-B77129AD659E}.Release|x86.Build.0 = Release|Win32
		{CB3F4DE0-824B-4D26-8E26-6021CDB1B1FF}.Debug|x64.ActiveCfg = Debug|x64
		{CB3F4DE0-824B-4D26-8E26-6021CDB1B1FF}.Debug|x64.Build.0 = Debug|x64
		{CB3F4DE0-824B-4D26-8E26-6021CDB1B1FF}.Debug|x86.ActiveCfg = Debug|Win32
		{CB3F4DE0-824B-4D26-8E26-6021CDB1B1FF}.Debug|x86.Build.0 = Debug|Win32
		{CB3F4DE0-824B-4D26-8E26-6021CDB1B1FF}.Release|x64.ActiveCfg = Release|x64
		{CB3F4DE0-824B-4D26-8E26-6021CDB1B1FF}.Release|x64.Build.0 = Release|x64
		{CB3F4DE0-824B-4D26-8E26-6021CDB1B1FF}.Release|x86.ActiveCfg = Release|Win32
		{CB3F4DE0-824B-4D26-8E26-6021CDB1B1FF}.Release|x86.Build.0 = Release|Win32
		{63D990CE-76D3-4604-A636-9C8EB5FCD609}.Debug|x64.ActiveCfg = Debug|x64
		{63D990CE-76D3-4604-A636-9C8EB5FCD609}.Debug|x64.Build.0 = Debug|x64
		{63D990CE-76D3-4604-A636-9C8EB5FCD609}.Debug|x86.ActiveCfg = Debug|Win32
		{63D990CE-76D3-4604-A636-9C8EB5FCD609}.Debug|x86.Build.0 = Debug|Win32
		{63D990CE-76D3-4604-A636-9C8EB5FCD609}.Release|x64.ActiveCfg = Release|x64
		{63D990CE-76D3-4604-A636-9C8EB5FCD609}.Release|x64.Build.0 = Release|x64
		{63D990CE-76D3-4604-A636-9C8EB5FCD609}.Release|x86.ActiveCfg = Release|Win32
		{63D990CE-76D3-4604-A636-9C8EB5FCD609}.Release|x86.Build.0 = Release|Win32
		{8E6175DF-AF0B-4E72-9D60-B7F71B5938DC}.Debug|x64.ActiveCfg = Debug|x64
		{8E6175DF-AF0B-4E72-9D60-B7F71B5938DC}.Debug|x64.Build.0 = Debug|x64
		{8E6175DF-AF0B-4E72-9D60-B7F71B5938DC}.Debug|x86.ActiveCfg = Debug|Win32
		{8E6175DF-AF0B-4E72-9D60-B7F71B5938DC}.Debug|x86.Build.0 = Debug|Win32
		{8E6175DF-AF0B-4E72-9D60-B7F71B5938DC}.Release|x64.ActiveCfg = Release|x64
		{8E6175DF-AF0B-4E72-9D60-B7F71B5938DC}.Release|x64.Build.0 = Release|x64
		{8E6175DF-AF0B-4E72-9D60-B7F71B5938DC}.Release|x86.ActiveCfg = Release|Win32
		{8E6175DF-AF0B-4E72-9D60-B7F71B5938DC}.Release|x86.Build.0 = Release|Win32
		{B109DF96-89C4-44B0-8367-782FEF9B2F5B}.Debug|x64.ActiveCfg = Debug|x64
		{B109DF96-89C4-44B0-8367-782FEF9B2F5B}.Debug|x64.Build.0 = Debug|x64
		{B109DF96-89C4-44B0-8367-782FEF9B2F5B}.Debug|x86.ActiveCfg = Debug|Win32
		{B109DF96-89C4-44B0-8367-782FEF9B2F5B}.Debug|x86.Build.0 = Debug|Win32
		{B109DF96-89C4-44B0-8367-782FEF9B2F5B}.Release|x64.ActiveCfg = Release|x64
		{B109DF96-89C4-44B0-8367-782FEF9B2F5B}.Release|x64.Build.0 = Release|x64
		{B109DF96-89C4-44B0-8367-782FEF9B2F5B}.Release|x86.ActiveCfg = Release|Win32
		{B109DF96-89C4-44B0-8367-782FEF9B2F5B}.Release|x86.Build.0 = Release|Win32
		{13984CB7-0678-4AAC-BB39-ABC9DD848761}.Debug|x64.ActiveCfg = Debug|x64
		{13984CB7-0678-4AAC-BB39-ABC9DD848761}.Debug|x64.Build.0 = Debug|x64
		{13984CB7-0678-4AAC-BB39-ABC9DD848761}.Debug|x86.ActiveCfg = Debug|Win32
		{13984CB7-0678-4AAC-BB39-ABC9DD848761}.Debug|x86.Build.0 = Debug|Win32
		{13984CB7-0678-4AAC-BB39-ABC9DD848761}.Release|x64.ActiveCfg = Release|x64
		{13984CB7-0678-4AAC-BB39-ABC9DD848761}.Release|x64.Build.0 = Release|x64
		{13984CB7-0678-4AAC-BB39-ABC9DD848761}.Release|x86.ActiveCfg = Release|Win32
		{13984CB7-0678-4AAC-BB39-ABC9DD848761}.Release|x86.Build.0 = Release|Win32
	EndGlobalSection
	GlobalSection(SolutionProperties) = preSolution
		HideSolutionNode = FALSE
	EndGlobalSection
EndGlobal
